
Microsoft Visual Studio Solution File, Format Version 12.00
# Visual Studio Version 16
VisualStudioVersion = 16.0.30804.86
MinimumVisualStudioVersion = 10.0.40219.1
Project("{8BC9CEB8-8B4A-11D0-8D11-00A0C91BC942}") = "X", "X\X.vcxproj", "{6682BFD4-C79F-49BD-A114-6EE8FB79E8C3}"
EndProject
Project("{2150E333-8FDC-42A3-9474-1A3956D46DE8}") = "Externals", "Externals", "{856ED680-E9A4-400F-ADFF-D3C492DCA608}"
EndProject
Project("{8BC9CEB8-8B4A-11D0-8D11-00A0C91BC942}") = "FW1FontWrapper", "X\External\FW1FontWrapper\FW1FontWrapper.vcxproj", "{0D034612-14E2-44E7-993A-72344A2CA7BD}"
EndProject
Project("{8BC9CEB8-8B4A-11D0-8D11-00A0C91BC942}") = "ImGui", "X\External\ImGui\ImGui.vcxproj", "{BFF9C813-01AF-43B3-A23E-2C62F332B994}"
EndProject
Project("{2150E333-8FDC-42A3-9474-1A3956D46DE8}") = "Engine", "Engine", "{06FFC3E3-18A4-40A6-9BB7-DB38F117119F}"
EndProject
Project("{8BC9CEB8-8B4A-11D0-8D11-00A0C91BC942}") = "DirectXTK_Desktop_2019", "X\External\DirectXTK\DirectXTK_Desktop_2019.vcxproj", "{E0B52AE7-E160-4D32-BF3F-910B785E5A8E}"
EndProject
Project("{8BC9CEB8-8B4A-11D0-8D11-00A0C91BC942}") = "DirectXTKAudio_Desktop_2019_Win8", "X\External\DirectXTK\Audio\DirectXTKAudio_Desktop_2019_Win8.vcxproj", "{4F150A30-CECB-49D1-8283-6A3F57438CF5}"
EndProject
Project("{2150E333-8FDC-42A3-9474-1A3956D46DE8}") = "VGP332", "VGP332", "{AD2B51E0-B8F6-4C52-A614-2264DFFDB66A}"
EndProject
Project("{8BC9CEB8-8B4A-11D0-8D11-00A0C91BC942}") = "Pathfinding", "Pathfinding\Pathfinding.vcxproj", "{1CE645B6-1125-48AF-A9B7-20915630AC88}"
EndProject
Project("{8BC9CEB8-8B4A-11D0-8D11-00A0C91BC942}") = "AI", "AI\AI.vcxproj", "{D6AD86FF-220A-435A-9393-BECE4D1AEF98}"
EndProject
Project("{8BC9CEB8-8B4A-11D0-8D11-00A0C91BC942}") = "FSM", "FSM\FSM.vcxproj", "{E10C23F7-BCDE-43DC-9848-ECDA7410B104}"
EndProject
Project("{8BC9CEB8-8B4A-11D0-8D11-00A0C91BC942}") = "Steering", "Steering\Steering.vcxproj", "{B0C17D96-9777-46B4-B0CE-5BD57F15447E}"
EndProject
Project("{8BC9CEB8-8B4A-11D0-8D11-00A0C91BC942}") = "Final", "Final\Final.vcxproj", "{BC6199D0-CDD7-41D6-874F-DBD698DD77E6}"
EndProject
Global
	GlobalSection(SolutionConfigurationPlatforms) = preSolution
		Debug|x64 = Debug|x64
		Debug|x86 = Debug|x86
		Release|x64 = Release|x64
		Release|x86 = Release|x86
	EndGlobalSection
	GlobalSection(ProjectConfigurationPlatforms) = postSolution
		{6682BFD4-C79F-49BD-A114-6EE8FB79E8C3}.Debug|x64.ActiveCfg = Debug|x64
		{6682BFD4-C79F-49BD-A114-6EE8FB79E8C3}.Debug|x64.Build.0 = Debug|x64
		{6682BFD4-C79F-49BD-A114-6EE8FB79E8C3}.Debug|x86.ActiveCfg = Debug|Win32
		{6682BFD4-C79F-49BD-A114-6EE8FB79E8C3}.Debug|x86.Build.0 = Debug|Win32
		{6682BFD4-C79F-49BD-A114-6EE8FB79E8C3}.Release|x64.ActiveCfg = Release|x64
		{6682BFD4-C79F-49BD-A114-6EE8FB79E8C3}.Release|x64.Build.0 = Release|x64
		{6682BFD4-C79F-49BD-A114-6EE8FB79E8C3}.Release|x86.ActiveCfg = Release|Win32
		{6682BFD4-C79F-49BD-A114-6EE8FB79E8C3}.Release|x86.Build.0 = Release|Win32
		{0D034612-14E2-44E7-993A-72344A2CA7BD}.Debug|x64.ActiveCfg = Debug|x64
		{0D034612-14E2-44E7-993A-72344A2CA7BD}.Debug|x64.Build.0 = Debug|x64
		{0D034612-14E2-44E7-993A-72344A2CA7BD}.Debug|x86.ActiveCfg = Debug|Win32
		{0D034612-14E2-44E7-993A-72344A2CA7BD}.Debug|x86.Build.0 = Debug|Win32
		{0D034612-14E2-44E7-993A-72344A2CA7BD}.Release|x64.ActiveCfg = Release|x64
		{0D034612-14E2-44E7-993A-72344A2CA7BD}.Release|x64.Build.0 = Release|x64
		{0D034612-14E2-44E7-993A-72344A2CA7BD}.Release|x86.ActiveCfg = Release|Win32
		{0D034612-14E2-44E7-993A-72344A2CA7BD}.Release|x86.Build.0 = Release|Win32
		{BFF9C813-01AF-43B3-A23E-2C62F332B994}.Debug|x64.ActiveCfg = Debug|x64
		{BFF9C813-01AF-43B3-A23E-2C62F332B994}.Debug|x64.Build.0 = Debug|x64
		{BFF9C813-01AF-43B3-A23E-2C62F332B994}.Debug|x86.ActiveCfg = Debug|Win32
		{BFF9C813-01AF-43B3-A23E-2C62F332B994}.Debug|x86.Build.0 = Debug|Win32
		{BFF9C813-01AF-43B3-A23E-2C62F332B994}.Release|x64.ActiveCfg = Release|x64
		{BFF9C813-01AF-43B3-A23E-2C62F332B994}.Release|x64.Build.0 = Release|x64
		{BFF9C813-01AF-43B3-A23E-2C62F332B994}.Release|x86.ActiveCfg = Release|Win32
		{BFF9C813-01AF-43B3-A23E-2C62F332B994}.Release|x86.Build.0 = Release|Win32
		{E0B52AE7-E160-4D32-BF3F-910B785E5A8E}.Debug|x64.ActiveCfg = Debug|x64
		{E0B52AE7-E160-4D32-BF3F-910B785E5A8E}.Debug|x64.Build.0 = Debug|x64
		{E0B52AE7-E160-4D32-BF3F-910B785E5A8E}.Debug|x86.ActiveCfg = Debug|Win32
		{E0B52AE7-E160-4D32-BF3F-910B785E5A8E}.Debug|x86.Build.0 = Debug|Win32
		{E0B52AE7-E160-4D32-BF3F-910B785E5A8E}.Release|x64.ActiveCfg = Release|x64
		{E0B52AE7-E160-4D32-BF3F-910B785E5A8E}.Release|x64.Build.0 = Release|x64
		{E0B52AE7-E160-4D32-BF3F-910B785E5A8E}.Release|x86.ActiveCfg = Release|Win32
		{E0B52AE7-E160-4D32-BF3F-910B785E5A8E}.Release|x86.Build.0 = Release|Win32
		{4F150A30-CECB-49D1-8283-6A3F57438CF5}.Debug|x64.ActiveCfg = Debug|x64
		{4F150A30-CECB-49D1-8283-6A3F57438CF5}.Debug|x64.Build.0 = Debug|x64
		{4F150A30-CECB-49D1-8283-6A3F57438CF5}.Debug|x86.ActiveCfg = Debug|Win32
		{4F150A30-CECB-49D1-8283-6A3F57438CF5}.Debug|x86.Build.0 = Debug|Win32
		{4F150A30-CECB-49D1-8283-6A3F57438CF5}.Release|x64.ActiveCfg = Release|x64
		{4F150A30-CECB-49D1-8283-6A3F57438CF5}.Release|x64.Build.0 = Release|x64
		{4F150A30-CECB-49D1-8283-6A3F57438CF5}.Release|x86.ActiveCfg = Release|Win32
		{4F150A30-CECB-49D1-8283-6A3F57438CF5}.Release|x86.Build.0 = Release|Win32
		{1CE645B6-1125-48AF-A9B7-20915630AC88}.Debug|x64.ActiveCfg = Debug|x64
		{1CE645B6-1125-48AF-A9B7-20915630AC88}.Debug|x64.Build.0 = Debug|x64
		{1CE645B6-1125-48AF-A9B7-20915630AC88}.Debug|x86.ActiveCfg = Debug|Win32
		{1CE645B6-1125-48AF-A9B7-20915630AC88}.Debug|x86.Build.0 = Debug|Win32
		{1CE645B6-1125-48AF-A9B7-20915630AC88}.Release|x64.ActiveCfg = Release|x64
		{1CE645B6-1125-48AF-A9B7-20915630AC88}.Release|x64.Build.0 = Release|x64
		{1CE645B6-1125-48AF-A9B7-20915630AC88}.Release|x86.ActiveCfg = Release|Win32
		{1CE645B6-1125-48AF-A9B7-20915630AC88}.Release|x86.Build.0 = Release|Win32
		{D6AD86FF-220A-435A-9393-BECE4D1AEF98}.Debug|x64.ActiveCfg = Debug|x64
		{D6AD86FF-220A-435A-9393-BECE4D1AEF98}.Debug|x64.Build.0 = Debug|x64
		{D6AD86FF-220A-435A-9393-BECE4D1AEF98}.Debug|x86.ActiveCfg = Debug|Win32
		{D6AD86FF-220A-435A-9393-BECE4D1AEF98}.Debug|x86.Build.0 = Debug|Win32
		{D6AD86FF-220A-435A-9393-BECE4D1AEF98}.Release|x64.ActiveCfg = Release|x64
		{D6AD86FF-220A-435A-9393-BECE4D1AEF98}.Release|x64.Build.0 = Release|x64
		{D6AD86FF-220A-435A-9393-BECE4D1AEF98}.Release|x86.ActiveCfg = Release|Win32
		{D6AD86FF-220A-435A-9393-BECE4D1AEF98}.Release|x86.Build.0 = Release|Win32
		{E10C23F7-BCDE-43DC-9848-ECDA7410B104}.Debug|x64.ActiveCfg = Debug|x64
		{E10C23F7-BCDE-43DC-9848-ECDA7410B104}.Debug|x64.Build.0 = Debug|x64
		{E10C23F7-BCDE-43DC-9848-ECDA7410B104}.Debug|x86.ActiveCfg = Debug|Win32
		{E10C23F7-BCDE-43DC-9848-ECDA7410B104}.Debug|x86.Build.0 = Debug|Win32
		{E10C23F7-BCDE-43DC-9848-ECDA7410B104}.Release|x64.ActiveCfg = Release|x64
		{E10C23F7-BCDE-43DC-9848-ECDA7410B104}.Release|x64.Build.0 = Release|x64
		{E10C23F7-BCDE-43DC-9848-ECDA7410B104}.Release|x86.ActiveCfg = Release|Win32
		{E10C23F7-BCDE-43DC-9848-ECDA7410B104}.Release|x86.Build.0 = Release|Win32
		{B0C17D96-9777-46B4-B0CE-5BD57F15447E}.Debug|x64.ActiveCfg = Debug|x64
		{B0C17D96-9777-46B4-B0CE-5BD57F15447E}.Debug|x64.Build.0 = Debug|x64
		{B0C17D96-9777-46B4-B0CE-5BD57F15447E}.Debug|x86.ActiveCfg = Debug|Win32
		{B0C17D96-9777-46B4-B0CE-5BD57F15447E}.Debug|x86.Build.0 = Debug|Win32
		{B0C17D96-9777-46B4-B0CE-5BD57F15447E}.Release|x64.ActiveCfg = Release|x64
		{B0C17D96-9777-46B4-B0CE-5BD57F15447E}.Release|x64.Build.0 = Release|x64
		{B0C17D96-9777-46B4-B0CE-5BD57F15447E}.Release|x86.ActiveCfg = Release|Win32
		{B0C17D96-9777-46B4-B0CE-5BD57F15447E}.Release|x86.Build.0 = Release|Win32
		{BC6199D0-CDD7-41D6-874F-DBD698DD77E6}.Debug|x64.ActiveCfg = Debug|x64
		{BC6199D0-CDD7-41D6-874F-DBD698DD77E6}.Debug|x64.Build.0 = Debug|x64
		{BC6199D0-CDD7-41D6-874F-DBD698DD77E6}.Debug|x86.ActiveCfg = Debug|Win32
		{BC6199D0-CDD7-41D6-874F-DBD698DD77E6}.Debug|x86.Build.0 = Debug|Win32
		{BC6199D0-CDD7-41D6-874F-DBD698DD77E6}.Release|x64.ActiveCfg = Release|x64
		{BC6199D0-CDD7-41D6-874F-DBD698DD77E6}.Release|x64.Build.0 = Release|x64
		{BC6199D0-CDD7-41D6-874F-DBD698DD77E6}.Release|x86.ActiveCfg = Release|Win32
		{BC6199D0-CDD7-41D6-874F-DBD698DD77E6}.Release|x86.Build.0 = Release|Win32
	EndGlobalSection
	GlobalSection(SolutionProperties) = preSolution
		HideSolutionNode = FALSE
	EndGlobalSection
	GlobalSection(NestedProjects) = preSolution
		{6682BFD4-C79F-49BD-A114-6EE8FB79E8C3} = {06FFC3E3-18A4-40A6-9BB7-DB38F117119F}
		{0D034612-14E2-44E7-993A-72344A2CA7BD} = {856ED680-E9A4-400F-ADFF-D3C492DCA608}
		{BFF9C813-01AF-43B3-A23E-2C62F332B994} = {856ED680-E9A4-400F-ADFF-D3C492DCA608}
		{E0B52AE7-E160-4D32-BF3F-910B785E5A8E} = {856ED680-E9A4-400F-ADFF-D3C492DCA608}
		{4F150A30-CECB-49D1-8283-6A3F57438CF5} = {856ED680-E9A4-400F-ADFF-D3C492DCA608}
		{1CE645B6-1125-48AF-A9B7-20915630AC88} = {AD2B51E0-B8F6-4C52-A614-2264DFFDB66A}
		{D6AD86FF-220A-435A-9393-BECE4D1AEF98} = {06FFC3E3-18A4-40A6-9BB7-DB38F117119F}
		{E10C23F7-BCDE-43DC-9848-ECDA7410B104} = {AD2B51E0-B8F6-4C52-A614-2264DFFDB66A}
		{B0C17D96-9777-46B4-B0CE-5BD57F15447E} = {AD2B51E0-B8F6-4C52-A614-2264DFFDB66A}
		{BC6199D0-CDD7-41D6-874F-DBD698DD77E6} = {AD2B51E0-B8F6-4C52-A614-2264DFFDB66A}
	EndGlobalSection
	GlobalSection(ExtensibilityGlobals) = postSolution
		SolutionGuid = {2D84BED7-7031-4090-B4D3-57A9E4C0998B}
	EndGlobalSection
	GlobalSection(TeamFoundationVersionControl) = preSolution
		SccNumberOfProjects = 1
		SccEnterpriseProvider = {4CA58AB2-18FA-4F8D-95D4-32DDF27D184C}
		SccTeamFoundationServer = https://dev.azure.com/goanywherelasalle
		SccProjectUniqueName0 = X\\External\\ImGui\\ImGui.vcxproj
		SccProjectTopLevelParentUniqueName0 = X.sln
		SccProjectName0 = X/External/ImGui
		SccAuxPath0 = https://dev.azure.com/goanywherelasalle
		SccLocalPath0 = X\\External\\ImGui
		SccProvider0 = {4CA58AB2-18FA-4F8D-95D4-32DDF27D184C}
	EndGlobalSection
EndGlobal
